{
  "requires": true,
  "lockfileVersion": 1,
  "dependencies": {
    "bootstrap-v4-rtl": {
      "version": "4.3.1-4",
      "resolved": "https://registry.npmjs.org/bootstrap-v4-rtl/-/bootstrap-v4-rtl-4.3.1-4.tgz",
      "integrity": "sha512-NP2nIn1pIjJhOb47iR0lBd2SHClj5iZQ+SY/40VMLflD4nyOQV8N8XmTBRwtIPGbIYv5knATKn7SMPzzlU2wMQ=="
    }
  }
}
